
Microsoft Visual Studio Solution File, Format Version 12.00
# Visual Studio Version 16
VisualStudioVersion = 16.0.31515.178
MinimumVisualStudioVersion = 10.0.40219.1
Project("{FAE04EC0-301F-11D3-BF4B-00C04F79EFBC}") = "MyStat Copy", "MyStat Copy\MyStat Copy.csproj", "{AD6A74DA-1D9C-47C4-86C2-CC97E831DAE1}"
EndProject
Global
	GlobalSection(SolutionConfigurationPlatforms) = preSolution
		Debug|Any CPU = Debug|Any CPU
		Release|Any CPU = Release|Any CPU
	EndGlobalSection
	GlobalSection(ProjectConfigurationPlatforms) = postSolution
		{AD6A74DA-1D9C-47C4-86C2-CC97E831DAE1}.Debug|Any CPU.ActiveCfg = Debug|Any CPU
		{AD6A74DA-1D9C-47C4-86C2-CC97E831DAE1}.Debug|Any CPU.Build.0 = Debug|Any CPU
		{AD6A74DA-1D9C-47C4-86C2-CC97E831DAE1}.Release|Any CPU.ActiveCfg = Release|Any CPU
		{AD6A74DA-1D9C-47C4-86C2-CC97E831DAE1}.Release|Any CPU.Build.0 = Release|Any CPU
	EndGlobalSection
	GlobalSection(SolutionProperties) = preSolution
		HideSolutionNode = FALSE
	EndGlobalSection
	GlobalSection(ExtensibilityGlobals) = postSolution
		SolutionGuid = {857A300B-B068-4585-A12A-A498C2C05337}
	EndGlobalSection
EndGlobal
